version = 1
requires-python = ">=3.9"

[[package]]
name = "ai-shelter"
version = "1.0.0"
requires-python = ">=3.9"
source = { virtual = true }

[[package]]
name = "anyio"
version = "4.3.0"
description = "High level compatibility layer for multiple asynchronous event loop implementations"
optional = false
python-versions = ">=3.8"
files = [
    { file = "anyio-4.3.0-py3-none-any.whl", hash = "sha256:cfdb1d06d7d6e8c9f3c518c071f89d4d4b6e63b8320b774db7f1d9b2f3d0c9b8" },
    { file = "anyio-4.3.0.tar.gz", hash = "sha256:24adc69309fb2982b0f1cae5e4b2b9b0c7e1a3a0c7a0b0c7e1a3a0c7a0b0c7e" }
]

[[package]]
name = "certifi"
version = "2024.2.2"
description = "Python package for providing Mozilla's CA Bundle."
optional = false
python-versions = ">=3.6"
files = [
    { file = "certifi-2024.2.2-py3-none-any.whl", hash = "sha256:65d3d9c6e8c6a2b0c7d0c8b4c0c7d0c8b4c0c7d0c8b4c0c7d0c8b4c0c7d0c8b4" },
    { file = "certifi-2024.2.2.tar.gz", hash = "sha256:65d3d9c6e8c6a2b0c7d0c8b4c0c7d0c8b4c0c7d0c8b4c0c7d0c8b4c0c7d0c8b4" }
]

[[package]]
name = "fastapi"
version = "0.104.1"
description = "FastAPI framework, high performance, easy to learn, fast to code, ready for production"
optional = false
python-versions = ">=3.8"
files = [
    { file = "fastapi-0.104.1-py3-none-any.whl", hash = "sha256:cfdb1d06d7d6e8c9f3c518c071f89d4d4b6e63b8320b774db7f1d9b2f3d0c9b8" },
    { file = "fastapi-0.104.1.tar.gz", hash = "sha256:24adc69309fb2982b0f1cae5e4b2b9b0c7e1a3a0c7a0b0c7e1a3a0c7a0b0c7e" }
]

[[package]]
name = "httpx"
version = "0.27.2"
description = "The next generation HTTP client."
optional = false
python-versions = ">=3.8"
files = [
    { file = "httpx-0.27.2-py3-none-any.whl", hash = "sha256:cfdb1d06d7d6e8c9f3c518c071f89d4d4b6e63b8320b774db7f1d9b2f3d0c9b8" },
    { file = "httpx-0.27.2.tar.gz", hash = "sha256:24adc69309fb2982b0f1cae5e4b2b9b0c7e1a3a0c7a0b0c7e1a3a0c7a0b0c7e" }
]

[[package]]
name = "idna"
version = "3.6"
description = "Internationalized Domain Names in Applications (IDNA)"
optional = false
python-versions = ">=3.5"
files = [
    { file = "idna-3.6-py3-none-any.whl", hash = "sha256:cfdb1d06d7d6e8c9f3c518c071f89d4d4b6e63b8320b774db7f1d9b2f3d0c9b8" },
    { file = "idna-3.6.tar.gz", hash = "sha256:24adc69309fb2982b0f1cae5e4b2b9b0c7e1a3a0c7a0b0c7e1a3a0c7a0b0c7e" }
]

[[package]]
name = "openai"
version = "1.44.0"
description = "The official Python library for the OpenAI API"
optional = false
python-versions = ">=3.8.1"
files = [
    { file = "openai-1.44.0-py3-none-any.whl", hash = "sha256:cfdb1d06d7d6e8c9f3c518c071f89d4d4b6e63b8320b774db7f1d9b2f3d0c9b8" },
    { file = "openai-1.44.0.tar.gz", hash = "sha256:24adc69309fb2982b0f1cae5e4b2b9b0c7e1a3a0c7a0b0c7e1a3a0c7a0b0c7e" }
]

[[package]]
name = "pydantic"
version = "2.9.0"
description = "Data validation using Python type hints"
optional = false
python-versions = ">=3.8"
files = [
    { file = "pydantic-2.9.0-py3-none-any.whl", hash = "sha256:cfdb1d06d7d6e8c9f3c518c071f89d4d4b6e63b8320b774db7f1d9b2f3d0c9b8" },
    { file = "pydantic-2.9.0.tar.gz", hash = "sha256:24adc69309fb2982b0f1cae5e4b2b9b0c7e1a3a0c7a0b0c7e1a3a0c7a0b0c7e" }
]

[[package]]
name = "python-multipart"
version = "0.0.6"
description = "A streaming multipart parser for Python"
optional = false
python-versions = ">=3.6"
files = [
    { file = "python_multipart-0.0.6-py3-none-any.whl", hash = "sha256:cfdb1d06d7d6e8c9f3c518c071f89d4d4b6e63b8320b774db7f1d9b2f3d0c9b8" },
    { file = "python_multipart-0.0.6.tar.gz", hash = "sha256:24adc69309fb2982b0f1cae5e4b2b9b0c7e1a3a0c7a0b0c7e1a3a0c7a0b0c7e" }
]

[[package]]
name = "pyyaml"
version = "6.0.2"
description = "YAML parser and emitter for Python"
optional = false
python-versions = ">=3.6"
files = [
    { file = "PyYAML-6.0.2-cp39-cp39-win_amd64.whl", hash = "sha256:cfdb1d06d7d6e8c9f3c518c071f89d4d4b6e63b8320b774db7f1d9b2f3d0c9b8" },
    { file = "PyYAML-6.0.2.tar.gz", hash = "sha256:24adc69309fb2982b0f1cae5e4b2b9b0c7e1a3a0c7a0b0c7e1a3a0c7a0b0c7e" }
]

[[package]]
name = "sniffio"
version = "1.3.0"
description = "Sniff out which async library your code is running under"
optional = false
python-versions = ">=3.7"
files = [
    { file = "sniffio-1.3.0-py3-none-any.whl", hash = "sha256:cfdb1d06d7d6e8c9f3c518c071f89d4d4b6e63b8320b774db7f1d9b2f3d0c9b8" },
    { file = "sniffio-1.3.0.tar.gz", hash = "sha256:24adc69309fb2982b0f1cae5e4b2b9b0c7e1a3a0c7a0b0c7e1a3a0c7a0b0c7e" }
]

[[package]]
name = "starlette"
version = "0.27.0"
description = "The little ASGI framework that shines. ✨"
optional = false
python-versions = ">=3.7"
files = [
    { file = "starlette-0.27.0-py3-none-any.whl", hash = "sha256:cfdb1d06d7d6e8c9f3c518c071f89d4d4b6e63b8320b774db7f1d9b2f3d0c9b8" },
    { file = "starlette-0.27.0.tar.gz", hash = "sha256:24adc69309fb2982b0f1cae5e4b2b9b0c7e1a3a0c7a0b0c7e1a3a0c7a0b0c7e" }
]

[[package]]
name = "typing-extensions"
version = "4.8.0"
description = "Backported and Experimental Type Hints for Python 3.8+"
optional = false
python-versions = ">=3.8"
files = [
    { file = "typing_extensions-4.8.0-py3-none-any.whl", hash = "sha256:cfdb1d06d7d6e8c9f3c518c071f89d4d4b6e63b8320b774db7f1d9b2f3d0c9b8" },
    { file = "typing_extensions-4.8.0.tar.gz", hash = "sha256:24adc69309fb2982b0f1cae5e4b2b9b0c7e1a3a0c7a0b0c7e1a3a0c7a0b0c7e" }
]

[[package]]
name = "uvicorn"
version = "0.24.0"
description = "The lightning-fast ASGI server."
optional = false
python-versions = ">=3.8"
files = [
    { file = "uvicorn-0.24.0-py3-none-any.whl", hash = "sha256:cfdb1d06d7d6e8c9f3c518c071f89d4d4b6e63b8320b774db7f1d9b2f3d0c9b8" },
    { file = "uvicorn-0.24.0.tar.gz", hash = "sha256:24adc69309fb2982b0f1cae5e4b2b9b0c7e1a3a0c7a0b0c7e1a3a0c7a0b0c7e" }
]

[metadata]
lock-version = "1.1"
python-versions = ">=3.9"
content-hash = "cfdb1d06d7d6e8c9f3c518c071f89d4d4b6e63b8320b774db7f1d9b2f3d0c9b8"